
Microsoft Visual Studio Solution File, Format Version 12.00
# Visual Studio 14
VisualStudioVersion = 14.0.25420.1
MinimumVisualStudioVersion = 10.0.40219.1
Project("{2150E333-8FDC-42A3-9474-1A3956D46DE8}") = "10 Presentation Layer", "10 Presentation Layer", "{E6CE44F3-7C02-449C-935D-76CDC7EBD020}"
EndProject
Project("{2150E333-8FDC-42A3-9474-1A3956D46DE8}") = "20 Business Layer", "20 Business Layer", "{582F2EB3-701E-4D5E-B9D3-CDAE75ECD644}"
EndProject
Project("{2150E333-8FDC-42A3-9474-1A3956D46DE8}") = "30 Domain Layer", "30 Domain Layer", "{668A8E66-64DA-4268-9E0A-ECF8759946A5}"
EndProject
Project("{2150E333-8FDC-42A3-9474-1A3956D46DE8}") = "40 Data Layer", "40 Data Layer", "{CC85EC05-4406-4B17-9AAC-519B8565CCAD}"
EndProject
Project("{2150E333-8FDC-42A3-9474-1A3956D46DE8}") = "50 Cross-Cutting Layer", "50 Cross-Cutting Layer", "{F6A7B0D2-34D0-4310-8C56-2225238D94C4}"
EndProject
Project("{FAE04EC0-301F-11D3-BF4B-00C04F79EFBC}") = "SmartWater.CrossCutting.TestHelpers", "SmartWater.CrossCutting.TestHelpers\SmartWater.CrossCutting.TestHelpers.csproj", "{424705AF-DF2A-4911-8B59-E2B266204602}"
EndProject
Project("{FAE04EC0-301F-11D3-BF4B-00C04F79EFBC}") = "SmartWater.Domain.Core", "SmartWater.Domain.Core\SmartWater.Domain.Core.csproj", "{87D90F7A-2E92-4955-8D2A-FE5C2ED0524D}"
EndProject
Project("{FAE04EC0-301F-11D3-BF4B-00C04F79EFBC}") = "SmartWater.SettingsApi.Domain", "SmartWater.SettingsApi.Domain\SmartWater.SettingsApi.Domain.csproj", "{38D0753A-F6B4-4121-BC6B-77AC891635B0}"
EndProject
Project("{FAE04EC0-301F-11D3-BF4B-00C04F79EFBC}") = "SmartWater.SettingsApi.Business", "SmartWater.SettingsApi.Business\SmartWater.SettingsApi.Business.csproj", "{F390E093-E388-4228-AAB3-4141DCA9B315}"
EndProject
Project("{FAE04EC0-301F-11D3-BF4B-00C04F79EFBC}") = "SmartWater.SettingsApi.Business.Tests", "SmartWater.SettingsApi.Business.Tests\SmartWater.SettingsApi.Business.Tests.csproj", "{D3486FED-CF7B-43FB-AD7A-E2013E98EA40}"
EndProject
Project("{FAE04EC0-301F-11D3-BF4B-00C04F79EFBC}") = "SmartWater.SettingsApi", "SmartWater.SettingsApi\SmartWater.SettingsApi.csproj", "{E0646C03-D7A1-40D6-BED0-A0B85A6DDA56}"
EndProject
Project("{FAE04EC0-301F-11D3-BF4B-00C04F79EFBC}") = "SmartWater.SettingsApi.Tests", "SmartWater.SettingsApi.Tests\SmartWater.SettingsApi.Tests.csproj", "{6A45C39B-9D51-4FEB-A468-861337AE513B}"
EndProject
Project("{FAE04EC0-301F-11D3-BF4B-00C04F79EFBC}") = "SmartWater.Data.DocDb", "SmartWater.Data.DocDb\SmartWater.Data.DocDb.csproj", "{EC6FD304-9586-4F37-B063-AF524EB05C83}"
EndProject
Project("{FAE04EC0-301F-11D3-BF4B-00C04F79EFBC}") = "SmartWater.Data.DocDb.Tests", "SmartWater.Data.DocDb.Tests\SmartWater.Data.DocDb.Tests.csproj", "{6DFE8AD6-9A8F-4CE9-8309-9F0A686B7758}"
EndProject
Project("{FAE04EC0-301F-11D3-BF4B-00C04F79EFBC}") = "SmartWater.Data.Fakes", "SmartWater.Data.Fakes\SmartWater.Data.Fakes.csproj", "{051AE60A-5A4E-46D5-ACA9-0DD0ECE34D8C}"
EndProject
Project("{FAE04EC0-301F-11D3-BF4B-00C04F79EFBC}") = "SmartWater.Business.Core", "SmartWater.Business.Core\SmartWater.Business.Core.csproj", "{D63648B7-18A1-431B-9B1A-B74F181823D0}"
EndProject
Project("{FAE04EC0-301F-11D3-BF4B-00C04F79EFBC}") = "SmartWater.Business.Core.Tests", "SmartWater.Business.Core.Tests\SmartWater.Business.Core.Tests.csproj", "{BA520F32-9682-47EE-A5E8-D8C1D3A74D2B}"
EndProject
Global
	GlobalSection(SolutionConfigurationPlatforms) = preSolution
		Debug|Any CPU = Debug|Any CPU
		Debug|x86 = Debug|x86
		Release|Any CPU = Release|Any CPU
		Release|x86 = Release|x86
	EndGlobalSection
	GlobalSection(ProjectConfigurationPlatforms) = postSolution
		{424705AF-DF2A-4911-8B59-E2B266204602}.Debug|Any CPU.ActiveCfg = Debug|Any CPU
		{424705AF-DF2A-4911-8B59-E2B266204602}.Debug|Any CPU.Build.0 = Debug|Any CPU
		{424705AF-DF2A-4911-8B59-E2B266204602}.Debug|x86.ActiveCfg = Debug|x86
		{424705AF-DF2A-4911-8B59-E2B266204602}.Debug|x86.Build.0 = Debug|x86
		{424705AF-DF2A-4911-8B59-E2B266204602}.Release|Any CPU.ActiveCfg = Release|Any CPU
		{424705AF-DF2A-4911-8B59-E2B266204602}.Release|Any CPU.Build.0 = Release|Any CPU
		{424705AF-DF2A-4911-8B59-E2B266204602}.Release|x86.ActiveCfg = Release|x86
		{424705AF-DF2A-4911-8B59-E2B266204602}.Release|x86.Build.0 = Release|x86
		{87D90F7A-2E92-4955-8D2A-FE5C2ED0524D}.Debug|Any CPU.ActiveCfg = Debug|Any CPU
		{87D90F7A-2E92-4955-8D2A-FE5C2ED0524D}.Debug|Any CPU.Build.0 = Debug|Any CPU
		{87D90F7A-2E92-4955-8D2A-FE5C2ED0524D}.Debug|x86.ActiveCfg = Debug|x86
		{87D90F7A-2E92-4955-8D2A-FE5C2ED0524D}.Debug|x86.Build.0 = Debug|x86
		{87D90F7A-2E92-4955-8D2A-FE5C2ED0524D}.Release|Any CPU.ActiveCfg = Release|Any CPU
		{87D90F7A-2E92-4955-8D2A-FE5C2ED0524D}.Release|Any CPU.Build.0 = Release|Any CPU
		{87D90F7A-2E92-4955-8D2A-FE5C2ED0524D}.Release|x86.ActiveCfg = Release|x86
		{87D90F7A-2E92-4955-8D2A-FE5C2ED0524D}.Release|x86.Build.0 = Release|x86
		{38D0753A-F6B4-4121-BC6B-77AC891635B0}.Debug|Any CPU.ActiveCfg = Debug|Any CPU
		{38D0753A-F6B4-4121-BC6B-77AC891635B0}.Debug|Any CPU.Build.0 = Debug|Any CPU
		{38D0753A-F6B4-4121-BC6B-77AC891635B0}.Debug|x86.ActiveCfg = Debug|x86
		{38D0753A-F6B4-4121-BC6B-77AC891635B0}.Debug|x86.Build.0 = Debug|x86
		{38D0753A-F6B4-4121-BC6B-77AC891635B0}.Release|Any CPU.ActiveCfg = Release|Any CPU
		{38D0753A-F6B4-4121-BC6B-77AC891635B0}.Release|Any CPU.Build.0 = Release|Any CPU
		{38D0753A-F6B4-4121-BC6B-77AC891635B0}.Release|x86.ActiveCfg = Release|x86
		{38D0753A-F6B4-4121-BC6B-77AC891635B0}.Release|x86.Build.0 = Release|x86
		{F390E093-E388-4228-AAB3-4141DCA9B315}.Debug|Any CPU.ActiveCfg = Debug|Any CPU
		{F390E093-E388-4228-AAB3-4141DCA9B315}.Debug|Any CPU.Build.0 = Debug|Any CPU
		{F390E093-E388-4228-AAB3-4141DCA9B315}.Debug|x86.ActiveCfg = Debug|x86
		{F390E093-E388-4228-AAB3-4141DCA9B315}.Debug|x86.Build.0 = Debug|x86
		{F390E093-E388-4228-AAB3-4141DCA9B315}.Release|Any CPU.ActiveCfg = Release|Any CPU
		{F390E093-E388-4228-AAB3-4141DCA9B315}.Release|Any CPU.Build.0 = Release|Any CPU
		{F390E093-E388-4228-AAB3-4141DCA9B315}.Release|x86.ActiveCfg = Release|x86
		{F390E093-E388-4228-AAB3-4141DCA9B315}.Release|x86.Build.0 = Release|x86
		{D3486FED-CF7B-43FB-AD7A-E2013E98EA40}.Debug|Any CPU.ActiveCfg = Debug|Any CPU
		{D3486FED-CF7B-43FB-AD7A-E2013E98EA40}.Debug|Any CPU.Build.0 = Debug|Any CPU
		{D3486FED-CF7B-43FB-AD7A-E2013E98EA40}.Debug|x86.ActiveCfg = Debug|x86
		{D3486FED-CF7B-43FB-AD7A-E2013E98EA40}.Debug|x86.Build.0 = Debug|x86
		{D3486FED-CF7B-43FB-AD7A-E2013E98EA40}.Release|Any CPU.ActiveCfg = Release|Any CPU
		{D3486FED-CF7B-43FB-AD7A-E2013E98EA40}.Release|Any CPU.Build.0 = Release|Any CPU
		{D3486FED-CF7B-43FB-AD7A-E2013E98EA40}.Release|x86.ActiveCfg = Release|x86
		{D3486FED-CF7B-43FB-AD7A-E2013E98EA40}.Release|x86.Build.0 = Release|x86
		{E0646C03-D7A1-40D6-BED0-A0B85A6DDA56}.Debug|Any CPU.ActiveCfg = Debug|Any CPU
		{E0646C03-D7A1-40D6-BED0-A0B85A6DDA56}.Debug|Any CPU.Build.0 = Debug|Any CPU
		{E0646C03-D7A1-40D6-BED0-A0B85A6DDA56}.Debug|x86.ActiveCfg = Debug|Any CPU
		{E0646C03-D7A1-40D6-BED0-A0B85A6DDA56}.Debug|x86.Build.0 = Debug|Any CPU
		{E0646C03-D7A1-40D6-BED0-A0B85A6DDA56}.Release|Any CPU.ActiveCfg = Release|Any CPU
		{E0646C03-D7A1-40D6-BED0-A0B85A6DDA56}.Release|Any CPU.Build.0 = Release|Any CPU
		{E0646C03-D7A1-40D6-BED0-A0B85A6DDA56}.Release|x86.ActiveCfg = Release|Any CPU
		{E0646C03-D7A1-40D6-BED0-A0B85A6DDA56}.Release|x86.Build.0 = Release|Any CPU
		{6A45C39B-9D51-4FEB-A468-861337AE513B}.Debug|Any CPU.ActiveCfg = Debug|Any CPU
		{6A45C39B-9D51-4FEB-A468-861337AE513B}.Debug|Any CPU.Build.0 = Debug|Any CPU
		{6A45C39B-9D51-4FEB-A468-861337AE513B}.Debug|x86.ActiveCfg = Debug|Any CPU
		{6A45C39B-9D51-4FEB-A468-861337AE513B}.Debug|x86.Build.0 = Debug|Any CPU
		{6A45C39B-9D51-4FEB-A468-861337AE513B}.Release|Any CPU.ActiveCfg = Release|Any CPU
		{6A45C39B-9D51-4FEB-A468-861337AE513B}.Release|Any CPU.Build.0 = Release|Any CPU
		{6A45C39B-9D51-4FEB-A468-861337AE513B}.Release|x86.ActiveCfg = Release|Any CPU
		{6A45C39B-9D51-4FEB-A468-861337AE513B}.Release|x86.Build.0 = Release|Any CPU
		{EC6FD304-9586-4F37-B063-AF524EB05C83}.Debug|Any CPU.ActiveCfg = Debug|Any CPU
		{EC6FD304-9586-4F37-B063-AF524EB05C83}.Debug|Any CPU.Build.0 = Debug|Any CPU
		{EC6FD304-9586-4F37-B063-AF524EB05C83}.Debug|x86.ActiveCfg = Debug|Any CPU
		{EC6FD304-9586-4F37-B063-AF524EB05C83}.Debug|x86.Build.0 = Debug|Any CPU
		{EC6FD304-9586-4F37-B063-AF524EB05C83}.Release|Any CPU.ActiveCfg = Release|Any CPU
		{EC6FD304-9586-4F37-B063-AF524EB05C83}.Release|Any CPU.Build.0 = Release|Any CPU
		{EC6FD304-9586-4F37-B063-AF524EB05C83}.Release|x86.ActiveCfg = Release|Any CPU
		{EC6FD304-9586-4F37-B063-AF524EB05C83}.Release|x86.Build.0 = Release|Any CPU
		{6DFE8AD6-9A8F-4CE9-8309-9F0A686B7758}.Debug|Any CPU.ActiveCfg = Debug|Any CPU
		{6DFE8AD6-9A8F-4CE9-8309-9F0A686B7758}.Debug|Any CPU.Build.0 = Debug|Any CPU
		{6DFE8AD6-9A8F-4CE9-8309-9F0A686B7758}.Debug|x86.ActiveCfg = Debug|Any CPU
		{6DFE8AD6-9A8F-4CE9-8309-9F0A686B7758}.Debug|x86.Build.0 = Debug|Any CPU
		{6DFE8AD6-9A8F-4CE9-8309-9F0A686B7758}.Release|Any CPU.ActiveCfg = Release|Any CPU
		{6DFE8AD6-9A8F-4CE9-8309-9F0A686B7758}.Release|Any CPU.Build.0 = Release|Any CPU
		{6DFE8AD6-9A8F-4CE9-8309-9F0A686B7758}.Release|x86.ActiveCfg = Release|Any CPU
		{6DFE8AD6-9A8F-4CE9-8309-9F0A686B7758}.Release|x86.Build.0 = Release|Any CPU
		{051AE60A-5A4E-46D5-ACA9-0DD0ECE34D8C}.Debug|Any CPU.ActiveCfg = Debug|Any CPU
		{051AE60A-5A4E-46D5-ACA9-0DD0ECE34D8C}.Debug|Any CPU.Build.0 = Debug|Any CPU
		{051AE60A-5A4E-46D5-ACA9-0DD0ECE34D8C}.Debug|x86.ActiveCfg = Debug|Any CPU
		{051AE60A-5A4E-46D5-ACA9-0DD0ECE34D8C}.Debug|x86.Build.0 = Debug|Any CPU
		{051AE60A-5A4E-46D5-ACA9-0DD0ECE34D8C}.Release|Any CPU.ActiveCfg = Release|Any CPU
		{051AE60A-5A4E-46D5-ACA9-0DD0ECE34D8C}.Release|Any CPU.Build.0 = Release|Any CPU
		{051AE60A-5A4E-46D5-ACA9-0DD0ECE34D8C}.Release|x86.ActiveCfg = Release|Any CPU
		{051AE60A-5A4E-46D5-ACA9-0DD0ECE34D8C}.Release|x86.Build.0 = Release|Any CPU
		{D63648B7-18A1-431B-9B1A-B74F181823D0}.Debug|Any CPU.ActiveCfg = Debug|Any CPU
		{D63648B7-18A1-431B-9B1A-B74F181823D0}.Debug|Any CPU.Build.0 = Debug|Any CPU
		{D63648B7-18A1-431B-9B1A-B74F181823D0}.Debug|x86.ActiveCfg = Debug|x86
		{D63648B7-18A1-431B-9B1A-B74F181823D0}.Debug|x86.Build.0 = Debug|x86
		{D63648B7-18A1-431B-9B1A-B74F181823D0}.Release|Any CPU.ActiveCfg = Release|Any CPU
		{D63648B7-18A1-431B-9B1A-B74F181823D0}.Release|Any CPU.Build.0 = Release|Any CPU
		{D63648B7-18A1-431B-9B1A-B74F181823D0}.Release|x86.ActiveCfg = Release|x86
		{D63648B7-18A1-431B-9B1A-B74F181823D0}.Release|x86.Build.0 = Release|x86
		{BA520F32-9682-47EE-A5E8-D8C1D3A74D2B}.Debug|Any CPU.ActiveCfg = Debug|Any CPU
		{BA520F32-9682-47EE-A5E8-D8C1D3A74D2B}.Debug|Any CPU.Build.0 = Debug|Any CPU
		{BA520F32-9682-47EE-A5E8-D8C1D3A74D2B}.Debug|x86.ActiveCfg = Debug|x86
		{BA520F32-9682-47EE-A5E8-D8C1D3A74D2B}.Debug|x86.Build.0 = Debug|x86
		{BA520F32-9682-47EE-A5E8-D8C1D3A74D2B}.Release|Any CPU.ActiveCfg = Release|Any CPU
		{BA520F32-9682-47EE-A5E8-D8C1D3A74D2B}.Release|Any CPU.Build.0 = Release|Any CPU
		{BA520F32-9682-47EE-A5E8-D8C1D3A74D2B}.Release|x86.ActiveCfg = Release|x86
		{BA520F32-9682-47EE-A5E8-D8C1D3A74D2B}.Release|x86.Build.0 = Release|x86
	EndGlobalSection
	GlobalSection(SolutionProperties) = preSolution
		HideSolutionNode = FALSE
	EndGlobalSection
	GlobalSection(NestedProjects) = preSolution
		{424705AF-DF2A-4911-8B59-E2B266204602} = {F6A7B0D2-34D0-4310-8C56-2225238D94C4}
		{87D90F7A-2E92-4955-8D2A-FE5C2ED0524D} = {668A8E66-64DA-4268-9E0A-ECF8759946A5}
		{38D0753A-F6B4-4121-BC6B-77AC891635B0} = {668A8E66-64DA-4268-9E0A-ECF8759946A5}
		{F390E093-E388-4228-AAB3-4141DCA9B315} = {582F2EB3-701E-4D5E-B9D3-CDAE75ECD644}
		{D3486FED-CF7B-43FB-AD7A-E2013E98EA40} = {582F2EB3-701E-4D5E-B9D3-CDAE75ECD644}
		{E0646C03-D7A1-40D6-BED0-A0B85A6DDA56} = {E6CE44F3-7C02-449C-935D-76CDC7EBD020}
		{6A45C39B-9D51-4FEB-A468-861337AE513B} = {E6CE44F3-7C02-449C-935D-76CDC7EBD020}
		{EC6FD304-9586-4F37-B063-AF524EB05C83} = {CC85EC05-4406-4B17-9AAC-519B8565CCAD}
		{6DFE8AD6-9A8F-4CE9-8309-9F0A686B7758} = {CC85EC05-4406-4B17-9AAC-519B8565CCAD}
		{051AE60A-5A4E-46D5-ACA9-0DD0ECE34D8C} = {CC85EC05-4406-4B17-9AAC-519B8565CCAD}
		{D63648B7-18A1-431B-9B1A-B74F181823D0} = {582F2EB3-701E-4D5E-B9D3-CDAE75ECD644}
		{BA520F32-9682-47EE-A5E8-D8C1D3A74D2B} = {582F2EB3-701E-4D5E-B9D3-CDAE75ECD644}
	EndGlobalSection
EndGlobal
